
Microsoft Visual Studio Solution File, Format Version 12.00
# Visual Studio Version 17
VisualStudioVersion = 17.9.34728.123
MinimumVisualStudioVersion = 10.0.40219.1
Project("{8BC9CEB8-8B4A-11D0-8D11-00A0C91BC942}") = "MediaPush", "MediaPush.vcxproj", "{73F03E19-4481-453D-83EF-507C4FD730EC}"
EndProject
Global
	GlobalSection(SolutionConfigurationPlatforms) = preSolution
		Debug|x64 = Debug|x64
		Release|x64 = Release|x64
	EndGlobalSection
	GlobalSection(ProjectConfigurationPlatforms) = postSolution
		{73F03E19-4481-453D-83EF-507C4FD730EC}.Debug|x64.ActiveCfg = Debug|x64
		{73F03E19-4481-453D-83EF-507C4FD730EC}.Debug|x64.Build.0 = Debug|x64
		{73F03E19-4481-453D-83EF-507C4FD730EC}.Release|x64.ActiveCfg = Release|x64
		{73F03E19-4481-453D-83EF-507C4FD730EC}.Release|x64.Build.0 = Release|x64
	EndGlobalSection
	GlobalSection(SolutionProperties) = preSolution
		HideSolutionNode = FALSE
	EndGlobalSection
	GlobalSection(ExtensibilityGlobals) = postSolution
		SolutionGuid = {B3901A28-6DD0-4070-B1EA-4993F7DBC446}
	EndGlobalSection
EndGlobal
